
Microsoft Visual Studio Solution File, Format Version 12.00
# Visual Studio Version 16
VisualStudioVersion = 16.0.28922.388
MinimumVisualStudioVersion = 10.0.40219.1
Project("{FAE04EC0-301F-11D3-BF4B-00C04F79EFBC}") = "Exam", "Exam\Exam.csproj", "{AF2B488F-A210-42BC-A191-2E0E4875DDD2}"
EndProject
Project("{FAE04EC0-301F-11D3-BF4B-00C04F79EFBC}") = "National_court", "National_court\National_court.csproj", "{CAF54212-56F8-4E09-9110-11B4FC0091B7}"
EndProject
Global
	GlobalSection(SolutionConfigurationPlatforms) = preSolution
		Debug|Any CPU = Debug|Any CPU
		Release|Any CPU = Release|Any CPU
	EndGlobalSection
	GlobalSection(ProjectConfigurationPlatforms) = postSolution
		{AF2B488F-A210-42BC-A191-2E0E4875DDD2}.Debug|Any CPU.ActiveCfg = Debug|Any CPU
		{AF2B488F-A210-42BC-A191-2E0E4875DDD2}.Debug|Any CPU.Build.0 = Debug|Any CPU
		{AF2B488F-A210-42BC-A191-2E0E4875DDD2}.Release|Any CPU.ActiveCfg = Release|Any CPU
		{AF2B488F-A210-42BC-A191-2E0E4875DDD2}.Release|Any CPU.Build.0 = Release|Any CPU
		{CAF54212-56F8-4E09-9110-11B4FC0091B7}.Debug|Any CPU.ActiveCfg = Debug|Any CPU
		{CAF54212-56F8-4E09-9110-11B4FC0091B7}.Debug|Any CPU.Build.0 = Debug|Any CPU
		{CAF54212-56F8-4E09-9110-11B4FC0091B7}.Release|Any CPU.ActiveCfg = Release|Any CPU
		{CAF54212-56F8-4E09-9110-11B4FC0091B7}.Release|Any CPU.Build.0 = Release|Any CPU
	EndGlobalSection
	GlobalSection(SolutionProperties) = preSolution
		HideSolutionNode = FALSE
	EndGlobalSection
	GlobalSection(ExtensibilityGlobals) = postSolution
		SolutionGuid = {12CBBCB3-CF26-4088-BD3C-4D1DB7FE4C8C}
	EndGlobalSection
EndGlobal
