
Microsoft Visual Studio Solution File, Format Version 12.00
# Visual Studio Version 16
VisualStudioVersion = 16.0.28922.388
MinimumVisualStudioVersion = 10.0.40219.1
Project("{FAE04EC0-301F-11D3-BF4B-00C04F79EFBC}") = "ObjectsAndClasses", "ObjectsAndClasses\ObjectsAndClasses.csproj", "{A460B61E-8027-42F6-B7AF-A715BCA36C3A}"
EndProject
Project("{FAE04EC0-301F-11D3-BF4B-00C04F79EFBC}") = "Articles_solution", "Articles_solution\Articles_solution.csproj", "{C598E04D-71D8-46FE-9578-9650A66DE3CE}"
EndProject
Project("{FAE04EC0-301F-11D3-BF4B-00C04F79EFBC}") = "Article2.0", "Article2.0\Article2.0.csproj", "{8E005D3B-815F-4598-A6C8-AA7F1016C552}"
EndProject
Global
	GlobalSection(SolutionConfigurationPlatforms) = preSolution
		Debug|Any CPU = Debug|Any CPU
		Release|Any CPU = Release|Any CPU
	EndGlobalSection
	GlobalSection(ProjectConfigurationPlatforms) = postSolution
		{A460B61E-8027-42F6-B7AF-A715BCA36C3A}.Debug|Any CPU.ActiveCfg = Debug|Any CPU
		{A460B61E-8027-42F6-B7AF-A715BCA36C3A}.Debug|Any CPU.Build.0 = Debug|Any CPU
		{A460B61E-8027-42F6-B7AF-A715BCA36C3A}.Release|Any CPU.ActiveCfg = Release|Any CPU
		{A460B61E-8027-42F6-B7AF-A715BCA36C3A}.Release|Any CPU.Build.0 = Release|Any CPU
		{C598E04D-71D8-46FE-9578-9650A66DE3CE}.Debug|Any CPU.ActiveCfg = Debug|Any CPU
		{C598E04D-71D8-46FE-9578-9650A66DE3CE}.Debug|Any CPU.Build.0 = Debug|Any CPU
		{C598E04D-71D8-46FE-9578-9650A66DE3CE}.Release|Any CPU.ActiveCfg = Release|Any CPU
		{C598E04D-71D8-46FE-9578-9650A66DE3CE}.Release|Any CPU.Build.0 = Release|Any CPU
		{8E005D3B-815F-4598-A6C8-AA7F1016C552}.Debug|Any CPU.ActiveCfg = Debug|Any CPU
		{8E005D3B-815F-4598-A6C8-AA7F1016C552}.Debug|Any CPU.Build.0 = Debug|Any CPU
		{8E005D3B-815F-4598-A6C8-AA7F1016C552}.Release|Any CPU.ActiveCfg = Release|Any CPU
		{8E005D3B-815F-4598-A6C8-AA7F1016C552}.Release|Any CPU.Build.0 = Release|Any CPU
	EndGlobalSection
	GlobalSection(SolutionProperties) = preSolution
		HideSolutionNode = FALSE
	EndGlobalSection
	GlobalSection(ExtensibilityGlobals) = postSolution
		SolutionGuid = {4DD14C87-4DA4-4AB5-9BAC-A21BDB4E9EF7}
	EndGlobalSection
EndGlobal
