
Microsoft Visual Studio Solution File, Format Version 12.00
# Visual Studio Version 16
VisualStudioVersion = 16.0.28922.388
MinimumVisualStudioVersion = 10.0.40219.1
Project("{9A19103F-16F7-4668-BE54-9A1E7A4F7556}") = "Dictioonary_exercise_1", "Dictioonary_exercise_1\Dictioonary_exercise_1.csproj", "{1222B85D-2E17-4C0E-A6E2-751D72357F83}"
EndProject
Project("{FAE04EC0-301F-11D3-BF4B-00C04F79EFBC}") = "Mining_solution", "Mining_solution\Mining_solution.csproj", "{124990CF-B4E2-4502-BEBE-797D8A30D17F}"
EndProject
Project("{FAE04EC0-301F-11D3-BF4B-00C04F79EFBC}") = "Legendary_farming_solution", "Legendary_farming_solution\Legendary_farming_solution.csproj", "{ED33726D-B39E-474F-936E-78648D74DB8D}"
EndProject
Project("{FAE04EC0-301F-11D3-BF4B-00C04F79EFBC}") = "Orders_solution", "Orders_solution\Orders_solution.csproj", "{95CF7C3A-6EDD-45A9-9CDF-FAF96A0D5066}"
EndProject
Project("{FAE04EC0-301F-11D3-BF4B-00C04F79EFBC}") = "Softuni_parking_solution", "Softuni_parking_solution\Softuni_parking_solution.csproj", "{EC0E5857-36C8-451F-9D51-822B024428B5}"
EndProject
Project("{FAE04EC0-301F-11D3-BF4B-00C04F79EFBC}") = "Course_solution", "Course_solution\Course_solution.csproj", "{64D6614C-72A1-4483-967F-2B0174F0076B}"
EndProject
Project("{FAE04EC0-301F-11D3-BF4B-00C04F79EFBC}") = "Student_Academy_solution", "Student_Academy_solution\Student_Academy_solution.csproj", "{62AAD367-4323-43D4-993C-3C76025F0BB4}"
EndProject
Global
	GlobalSection(SolutionConfigurationPlatforms) = preSolution
		Debug|Any CPU = Debug|Any CPU
		Release|Any CPU = Release|Any CPU
	EndGlobalSection
	GlobalSection(ProjectConfigurationPlatforms) = postSolution
		{1222B85D-2E17-4C0E-A6E2-751D72357F83}.Debug|Any CPU.ActiveCfg = Debug|Any CPU
		{1222B85D-2E17-4C0E-A6E2-751D72357F83}.Debug|Any CPU.Build.0 = Debug|Any CPU
		{1222B85D-2E17-4C0E-A6E2-751D72357F83}.Release|Any CPU.ActiveCfg = Release|Any CPU
		{1222B85D-2E17-4C0E-A6E2-751D72357F83}.Release|Any CPU.Build.0 = Release|Any CPU
		{124990CF-B4E2-4502-BEBE-797D8A30D17F}.Debug|Any CPU.ActiveCfg = Debug|Any CPU
		{124990CF-B4E2-4502-BEBE-797D8A30D17F}.Debug|Any CPU.Build.0 = Debug|Any CPU
		{124990CF-B4E2-4502-BEBE-797D8A30D17F}.Release|Any CPU.ActiveCfg = Release|Any CPU
		{124990CF-B4E2-4502-BEBE-797D8A30D17F}.Release|Any CPU.Build.0 = Release|Any CPU
		{ED33726D-B39E-474F-936E-78648D74DB8D}.Debug|Any CPU.ActiveCfg = Debug|Any CPU
		{ED33726D-B39E-474F-936E-78648D74DB8D}.Debug|Any CPU.Build.0 = Debug|Any CPU
		{ED33726D-B39E-474F-936E-78648D74DB8D}.Release|Any CPU.ActiveCfg = Release|Any CPU
		{ED33726D-B39E-474F-936E-78648D74DB8D}.Release|Any CPU.Build.0 = Release|Any CPU
		{95CF7C3A-6EDD-45A9-9CDF-FAF96A0D5066}.Debug|Any CPU.ActiveCfg = Debug|Any CPU
		{95CF7C3A-6EDD-45A9-9CDF-FAF96A0D5066}.Debug|Any CPU.Build.0 = Debug|Any CPU
		{95CF7C3A-6EDD-45A9-9CDF-FAF96A0D5066}.Release|Any CPU.ActiveCfg = Release|Any CPU
		{95CF7C3A-6EDD-45A9-9CDF-FAF96A0D5066}.Release|Any CPU.Build.0 = Release|Any CPU
		{EC0E5857-36C8-451F-9D51-822B024428B5}.Debug|Any CPU.ActiveCfg = Debug|Any CPU
		{EC0E5857-36C8-451F-9D51-822B024428B5}.Debug|Any CPU.Build.0 = Debug|Any CPU
		{EC0E5857-36C8-451F-9D51-822B024428B5}.Release|Any CPU.ActiveCfg = Release|Any CPU
		{EC0E5857-36C8-451F-9D51-822B024428B5}.Release|Any CPU.Build.0 = Release|Any CPU
		{64D6614C-72A1-4483-967F-2B0174F0076B}.Debug|Any CPU.ActiveCfg = Debug|Any CPU
		{64D6614C-72A1-4483-967F-2B0174F0076B}.Debug|Any CPU.Build.0 = Debug|Any CPU
		{64D6614C-72A1-4483-967F-2B0174F0076B}.Release|Any CPU.ActiveCfg = Release|Any CPU
		{64D6614C-72A1-4483-967F-2B0174F0076B}.Release|Any CPU.Build.0 = Release|Any CPU
		{62AAD367-4323-43D4-993C-3C76025F0BB4}.Debug|Any CPU.ActiveCfg = Debug|Any CPU
		{62AAD367-4323-43D4-993C-3C76025F0BB4}.Debug|Any CPU.Build.0 = Debug|Any CPU
		{62AAD367-4323-43D4-993C-3C76025F0BB4}.Release|Any CPU.ActiveCfg = Release|Any CPU
		{62AAD367-4323-43D4-993C-3C76025F0BB4}.Release|Any CPU.Build.0 = Release|Any CPU
	EndGlobalSection
	GlobalSection(SolutionProperties) = preSolution
		HideSolutionNode = FALSE
	EndGlobalSection
	GlobalSection(ExtensibilityGlobals) = postSolution
		SolutionGuid = {4C6741F8-CC8B-46F1-8591-5B38885B7EE4}
	EndGlobalSection
EndGlobal
