
Microsoft Visual Studio Solution File, Format Version 12.00
# Visual Studio Version 16
VisualStudioVersion = 16.0.30717.126
MinimumVisualStudioVersion = 10.0.40219.1
Project("{FAE04EC0-301F-11D3-BF4B-00C04F79EFBC}") = "AtctivationKeys", "AtctivationKeys\AtctivationKeys.csproj", "{AEE52461-D311-4F40-8BFF-53CBFA2196B0}"
EndProject
Project("{FAE04EC0-301F-11D3-BF4B-00C04F79EFBC}") = "EmojiDetector", "EmojiDetector\EmojiDetector.csproj", "{74317435-B911-4EF1-A775-A210B02F6567}"
EndProject
Project("{FAE04EC0-301F-11D3-BF4B-00C04F79EFBC}") = "Pirates", "Pirates\Pirates.csproj", "{5D70F087-8027-43F9-B694-EEA8DA8CC496}"
EndProject
Global
	GlobalSection(SolutionConfigurationPlatforms) = preSolution
		Debug|Any CPU = Debug|Any CPU
		Release|Any CPU = Release|Any CPU
	EndGlobalSection
	GlobalSection(ProjectConfigurationPlatforms) = postSolution
		{AEE52461-D311-4F40-8BFF-53CBFA2196B0}.Debug|Any CPU.ActiveCfg = Debug|Any CPU
		{AEE52461-D311-4F40-8BFF-53CBFA2196B0}.Debug|Any CPU.Build.0 = Debug|Any CPU
		{AEE52461-D311-4F40-8BFF-53CBFA2196B0}.Release|Any CPU.ActiveCfg = Release|Any CPU
		{AEE52461-D311-4F40-8BFF-53CBFA2196B0}.Release|Any CPU.Build.0 = Release|Any CPU
		{74317435-B911-4EF1-A775-A210B02F6567}.Debug|Any CPU.ActiveCfg = Debug|Any CPU
		{74317435-B911-4EF1-A775-A210B02F6567}.Debug|Any CPU.Build.0 = Debug|Any CPU
		{74317435-B911-4EF1-A775-A210B02F6567}.Release|Any CPU.ActiveCfg = Release|Any CPU
		{74317435-B911-4EF1-A775-A210B02F6567}.Release|Any CPU.Build.0 = Release|Any CPU
		{5D70F087-8027-43F9-B694-EEA8DA8CC496}.Debug|Any CPU.ActiveCfg = Debug|Any CPU
		{5D70F087-8027-43F9-B694-EEA8DA8CC496}.Debug|Any CPU.Build.0 = Debug|Any CPU
		{5D70F087-8027-43F9-B694-EEA8DA8CC496}.Release|Any CPU.ActiveCfg = Release|Any CPU
		{5D70F087-8027-43F9-B694-EEA8DA8CC496}.Release|Any CPU.Build.0 = Release|Any CPU
	EndGlobalSection
	GlobalSection(SolutionProperties) = preSolution
		HideSolutionNode = FALSE
	EndGlobalSection
	GlobalSection(ExtensibilityGlobals) = postSolution
		SolutionGuid = {3273EEDD-3FD4-4EFB-8390-73D9663628D9}
	EndGlobalSection
EndGlobal
